
Microsoft Visual Studio Solution File, Format Version 12.00
# Visual Studio Version 17
VisualStudioVersion = 17.10.35013.160
MinimumVisualStudioVersion = 10.0.40219.1
Project("{FAE04EC0-301F-11D3-BF4B-00C04F79EFBC}") = "NEAProjectActual", "NEAProjectActual\NEAProjectActual.csproj", "{E9DA79BD-C05B-45EF-8954-770E1E672519}"
EndProject
Global
	GlobalSection(SolutionConfigurationPlatforms) = preSolution
		Debug|Any CPU = Debug|Any CPU
		Release|Any CPU = Release|Any CPU
	EndGlobalSection
	GlobalSection(ProjectConfigurationPlatforms) = postSolution
		{E9DA79BD-C05B-45EF-8954-770E1E672519}.Debug|Any CPU.ActiveCfg = Debug|Any CPU
		{E9DA79BD-C05B-45EF-8954-770E1E672519}.Debug|Any CPU.Build.0 = Debug|Any CPU
		{E9DA79BD-C05B-45EF-8954-770E1E672519}.Release|Any CPU.ActiveCfg = Release|Any CPU
		{E9DA79BD-C05B-45EF-8954-770E1E672519}.Release|Any CPU.Build.0 = Release|Any CPU
	EndGlobalSection
	GlobalSection(SolutionProperties) = preSolution
		HideSolutionNode = FALSE
	EndGlobalSection
	GlobalSection(ExtensibilityGlobals) = postSolution
		SolutionGuid = {56FA0530-0FCF-4E5A-9035-DB8140783CF7}
	EndGlobalSection
EndGlobal
